
Microsoft Visual Studio Solution File, Format Version 12.00
# Visual Studio Version 17
VisualStudioVersion = 17.7.34003.232
MinimumVisualStudioVersion = 10.0.40219.1
Project("{FAE04EC0-301F-11D3-BF4B-00C04F79EFBC}") = "FitFocus", "FitFocus\FitFocus.csproj", "{722D0778-1321-40DE-8A35-76100584117C}"
EndProject
Global
	GlobalSection(SolutionConfigurationPlatforms) = preSolution
		Debug|Any CPU = Debug|Any CPU
		Release|Any CPU = Release|Any CPU
	EndGlobalSection
	GlobalSection(ProjectConfigurationPlatforms) = postSolution
		{722D0778-1321-40DE-8A35-76100584117C}.Debug|Any CPU.ActiveCfg = Debug|Any CPU
		{722D0778-1321-40DE-8A35-76100584117C}.Debug|Any CPU.Build.0 = Debug|Any CPU
		{722D0778-1321-40DE-8A35-76100584117C}.Release|Any CPU.ActiveCfg = Release|Any CPU
		{722D0778-1321-40DE-8A35-76100584117C}.Release|Any CPU.Build.0 = Release|Any CPU
	EndGlobalSection
	GlobalSection(SolutionProperties) = preSolution
		HideSolutionNode = FALSE
	EndGlobalSection
	GlobalSection(ExtensibilityGlobals) = postSolution
		SolutionGuid = {18E611AB-86F7-4BEA-853C-A08D6D562EC2}
	EndGlobalSection
EndGlobal
